
Microsoft Visual Studio Solution File, Format Version 12.00
# Visual Studio Version 17
VisualStudioVersion = 17.0.31903.59
MinimumVisualStudioVersion = 10.0.40219.1
Project("{FAE04EC0-301F-11D3-BF4B-00C04F79EFBC}") = "BitwiseParser", "BitwiseParser\BitwiseParser.csproj", "{03774DE1-331F-4D03-8377-E31E91D02C64}"
EndProject
Project("{FAE04EC0-301F-11D3-BF4B-00C04F79EFBC}") = "BitwiseParserTest", "BitwiseParserTest\BitwiseParserTest.csproj", "{BD023FB0-AEA2-499D-9706-67DCBEA682EC}"
EndProject
Global
	GlobalSection(SolutionConfigurationPlatforms) = preSolution
		Debug|Any CPU = Debug|Any CPU
		Release|Any CPU = Release|Any CPU
	EndGlobalSection
	GlobalSection(SolutionProperties) = preSolution
		HideSolutionNode = FALSE
	EndGlobalSection
	GlobalSection(ProjectConfigurationPlatforms) = postSolution
		{03774DE1-331F-4D03-8377-E31E91D02C64}.Debug|Any CPU.ActiveCfg = Debug|Any CPU
		{03774DE1-331F-4D03-8377-E31E91D02C64}.Debug|Any CPU.Build.0 = Debug|Any CPU
		{03774DE1-331F-4D03-8377-E31E91D02C64}.Release|Any CPU.ActiveCfg = Release|Any CPU
		{03774DE1-331F-4D03-8377-E31E91D02C64}.Release|Any CPU.Build.0 = Release|Any CPU
		{BD023FB0-AEA2-499D-9706-67DCBEA682EC}.Debug|Any CPU.ActiveCfg = Debug|Any CPU
		{BD023FB0-AEA2-499D-9706-67DCBEA682EC}.Debug|Any CPU.Build.0 = Debug|Any CPU
		{BD023FB0-AEA2-499D-9706-67DCBEA682EC}.Release|Any CPU.ActiveCfg = Release|Any CPU
		{BD023FB0-AEA2-499D-9706-67DCBEA682EC}.Release|Any CPU.Build.0 = Release|Any CPU
	EndGlobalSection
EndGlobal
